
Microsoft Visual Studio Solution File, Format Version 12.00
# Visual Studio Version 16
VisualStudioVersion = 16.0.30406.217
MinimumVisualStudioVersion = 10.0.40219.1
Project("{FAE04EC0-301F-11D3-BF4B-00C04F79EFBC}") = "MoqTest", "MoqTest.csproj", "{AF09D65E-63F9-4008-937A-FA1B70C95ACF}"
EndProject
Global
	GlobalSection(SolutionConfigurationPlatforms) = preSolution
		Debug|Any CPU = Debug|Any CPU
		Release|Any CPU = Release|Any CPU
	EndGlobalSection
	GlobalSection(ProjectConfigurationPlatforms) = postSolution
		{AF09D65E-63F9-4008-937A-FA1B70C95ACF}.Debug|Any CPU.ActiveCfg = Debug|Any CPU
		{AF09D65E-63F9-4008-937A-FA1B70C95ACF}.Debug|Any CPU.Build.0 = Debug|Any CPU
		{AF09D65E-63F9-4008-937A-FA1B70C95ACF}.Release|Any CPU.ActiveCfg = Release|Any CPU
		{AF09D65E-63F9-4008-937A-FA1B70C95ACF}.Release|Any CPU.Build.0 = Release|Any CPU
	EndGlobalSection
	GlobalSection(SolutionProperties) = preSolution
		HideSolutionNode = FALSE
	EndGlobalSection
	GlobalSection(ExtensibilityGlobals) = postSolution
		SolutionGuid = {A6C7D032-D264-4B86-8E11-EA9E85EC085D}
	EndGlobalSection
EndGlobal
